// !$*UTF8*$!
{
 archiveVersion = 1;
 objectVersion = 56;
 objects = {
  1 = {isa = PBXProject; buildConfigurationList = 2; compatibilityVersion = "Xcode 14.0"; mainGroup = 3; productRefGroup = 4; projectDirPath = ""; projectRoot = ""; targets = (5); };
  2 = {isa = XCConfigurationList; buildConfigurations = (6,7); defaultConfigurationIsVisible = 0; defaultConfigurationName = Release; };
  3 = {isa = PBXGroup; children = (8,9,10,11,12,13,14); sourceTree = "<group>"; };
  4 = {isa = PBXGroup; children = (17); name = Products; sourceTree = "<group>"; };
  5 = {isa = PBXNativeTarget; buildConfigurationList = 18; buildPhases = (19,20,21); name = Nua; productName = Nua; productReference = 17; productType = "com.apple.product-type.application"; };
  6 = {isa = XCBuildConfiguration; buildSettings = { ASSETCATALOG_COMPILER_APPICON_NAME = AppIcon; CODE_SIGN_STYLE = Automatic; CURRENT_PROJECT_VERSION = 1; DEVELOPMENT_TEAM = ""; GENERATE_INFOPLIST_FILE = NO; INFOPLIST_FILE = Nua/Info.plist; IPHONEOS_DEPLOYMENT_TARGET = 16.0; PRODUCT_BUNDLE_IDENTIFIER = com.ykingtech.nua; PRODUCT_NAME = Nua; SWIFT_VERSION = 5.0; }; name = Debug; };
  7 = {isa = XCBuildConfiguration; buildSettings = { ASSETCATALOG_COMPILER_APPICON_NAME = AppIcon; CODE_SIGN_STYLE = Automatic; CURRENT_PROJECT_VERSION = 1; DEVELOPMENT_TEAM = ""; GENERATE_INFOPLIST_FILE = NO; INFOPLIST_FILE = Nua/Info.plist; IPHONEOS_DEPLOYMENT_TARGET = 16.0; PRODUCT_BUNDLE_IDENTIFIER = com.ykingtech.nua; PRODUCT_NAME = Nua; SWIFT_OPTIMIZATION_LEVEL = "-O"; SWIFT_VERSION = 5.0; }; name = Release; };
  18 = {isa = XCConfigurationList; buildConfigurations = (22,23); defaultConfigurationIsVisible = 0; defaultConfigurationName = Release; };
  22 = {isa = XCBuildConfiguration; buildSettings = { PRODUCT_BUNDLE_IDENTIFIER = com.ykingtech.nua; }; name = Debug; };
  23 = {isa = XCBuildConfiguration; buildSettings = { PRODUCT_BUNDLE_IDENTIFIER = com.ykingtech.nua; }; name = Release; };
  8 = {isa = PBXFileReference; lastKnownFileType = sourcecode.swift; path = Nua/App/NuaApp.swift; sourceTree = "<group>"; };
  9 = {isa = PBXFileReference; lastKnownFileType = sourcecode.swift; path = Nua/Models/TranslationResult.swift; sourceTree = "<group>"; };
  10 = {isa = PBXFileReference; lastKnownFileType = sourcecode.swift; path = Nua/Services/GeminiService.swift; sourceTree = "<group>"; };
  11 = {isa = PBXFileReference; lastKnownFileType = sourcecode.swift; path = Nua/ViewModels/TranslationViewModel.swift; sourceTree = "<group>"; };
  12 = {isa = PBXFileReference; lastKnownFileType = sourcecode.swift; path = Nua/Views/ContentView.swift; sourceTree = "<group>"; };
  13 = {isa = PBXFileReference; lastKnownFileType = text.plist.xml; path = Nua/Info.plist; sourceTree = "<group>"; };
  14 = {isa = PBXFileReference; lastKnownFileType = folder.assetcatalog; path = Nua/Assets.xcassets; sourceTree = "<group>"; };
  15 = {isa = PBXBuildFile; fileRef = 8; };
  16 = {isa = PBXBuildFile; fileRef = 9; };
  26 = {isa = PBXBuildFile; fileRef = 10; };
  27 = {isa = PBXBuildFile; fileRef = 11; };
  28 = {isa = PBXBuildFile; fileRef = 12; };
  24 = {isa = PBXBuildFile; fileRef = 14; };
  17 = {isa = PBXFileReference; explicitFileType = wrapper.application; path = Nua.app; sourceTree = BUILT_PRODUCTS_DIR; };
  19 = {isa = PBXSourcesBuildPhase; files = (15,16,26,27,28); };
  20 = {isa = PBXResourcesBuildPhase; files = (24); };
  21 = {isa = PBXFrameworksBuildPhase; files = (); };
 }
 rootObject = 1;
}
